github.com/machship/step-essentials v0.0.0-20251002115513-588e1ad886df h1:VLzoxq32GArZOWV3GMEG79WvJElchUVKEB0JcC//S8o=
github.com/machship/step-essentials v0.0.0-20251002115513-588e1ad886df/go.mod h1:XgXvHNdkfP5YzC/otf8yHGLZ8jIyTr+8Ue956nX95VQ=
gopkg.in/check.v1 v0.0.0-20161208181325-20d25e280405 h1:yhCVgyC4o1eVCa2tZl7eS0r+SDo693bJlVdllGtEeKM=
gopkg.in/check.v1 v0.0.0-20161208181325-20d25e280405/go.mod h1:Co6ibVJAznAaIkqp8huTwlJQCZ016jof/cbN4VW5Yz0=
gopkg.in/yaml.v3 v3.0.1 h1:fxVm/GzAzEWqLHuvctI91KS9hhNmmWOoWu0XTYJS7CA=
gopkg.in/yaml.v3 v3.0.1/go.mod h1:K4uyk7z7BCEPqu6E+C64Yfv1cQ7kz7rIZviUmN+EgEM=
